
Microsoft Visual Studio Solution File, Format Version 12.00
# Visual Studio Version 17
VisualStudioVersion = 17.1.32421.90
MinimumVisualStudioVersion = 10.0.40219.1
Project("{FAE04EC0-301F-11D3-BF4B-00C04F79EFBC}") = "FilterNameDemo", "FilterNameDemo\FilterNameDemo.csproj", "{98223F54-8306-426F-B9A3-CA988E532805}"
EndProject
Global
	GlobalSection(SolutionConfigurationPlatforms) = preSolution
		Debug|Any CPU = Debug|Any CPU
		Release|Any CPU = Release|Any CPU
	EndGlobalSection
	GlobalSection(ProjectConfigurationPlatforms) = postSolution
		{98223F54-8306-426F-B9A3-CA988E532805}.Debug|Any CPU.ActiveCfg = Debug|Any CPU
		{98223F54-8306-426F-B9A3-CA988E532805}.Debug|Any CPU.Build.0 = Debug|Any CPU
		{98223F54-8306-426F-B9A3-CA988E532805}.Release|Any CPU.ActiveCfg = Release|Any CPU
		{98223F54-8306-426F-B9A3-CA988E532805}.Release|Any CPU.Build.0 = Release|Any CPU
	EndGlobalSection
	GlobalSection(SolutionProperties) = preSolution
		HideSolutionNode = FALSE
	EndGlobalSection
	GlobalSection(ExtensibilityGlobals) = postSolution
		SolutionGuid = {18D8C198-9056-4B8A-B1DA-14354028DA63}
	EndGlobalSection
EndGlobal
